github.com/evanphx/json-patch v4.9.0+incompatible h1:kLcOMZeuLAJvL2BPWLMIj5oaZQobrkAqrL+WFZwQses=
github.com/evanphx/json-patch v4.9.0+incompatible/go.mod h1:50XU6AFN0ol/bzJsmQLiYLvXMP4fmwYFNcr97nuDLSk=
github.com/pkg/errors v0.9.1 h1:FEBLx1zS214owpjy7qsBeixbURkuhQAwrK5UwLGTwt4=
github.com/pkg/errors v0.9.1/go.mod h1:bwawxfHBFNV+L2hUp1rHADufV3IMtnDRdf1r5NINEl0=
github.com/valyala/fastjson v1.6.1 h1:qJs/Kz/HebWzk8LmhOrSm7kdOyJBr1XB+zSkYtEEfQE=
github.com/valyala/fastjson v1.6.1/go.mod h1:CLCAqky6SMuOcxStkYQvblddUtoRxhYMGLrsQns1aXY=
